// !$*UTF8*$!
{
	archiveVersion = 1;
	classes = {
	};
	objectVersion = 55;
	objects = {

/* Begin PBXBuildFile section */
		338C184828D2829400278530 /* AppDelegate.swift in Sources */ = {isa = PBXBuildFile; fileRef = 338C184728D2829400278530 /* AppDelegate.swift */; };
		338C184A28D2829400278530 /* SceneDelegate.swift in Sources */ = {isa = PBXBuildFile; fileRef = 338C184928D2829400278530 /* SceneDelegate.swift */; };
		338C185428D2829500278530 /* LaunchScreen.storyboard in Resources */ = {isa = PBXBuildFile; fileRef = 338C185228D2829500278530 /* LaunchScreen.storyboard */; };
		338C185E28D283B500278530 /* BaseViewController.swift in Sources */ = {isa = PBXBuildFile; fileRef = 338C185D28D283B500278530 /* BaseViewController.swift */; };
		338C186028D283F500278530 /* BaseView.swift in Sources */ = {isa = PBXBuildFile; fileRef = 338C185F28D283F500278530 /* BaseView.swift */; };
		338C186228D2843200278530 /* BaseViewModel.swift in Sources */ = {isa = PBXBuildFile; fileRef = 338C186128D2843200278530 /* BaseViewModel.swift */; };
		338C186528D284A200278530 /* AutoLayout.swift in Sources */ = {isa = PBXBuildFile; fileRef = 338C186428D284A200278530 /* AutoLayout.swift */; };
		338C186728D2853D00278530 /* UIViewPreview.swift in Sources */ = {isa = PBXBuildFile; fileRef = 338C186628D2853D00278530 /* UIViewPreview.swift */; };
		338C186928D2855C00278530 /* UIViewControllerPreview.swift in Sources */ = {isa = PBXBuildFile; fileRef = 338C186828D2855C00278530 /* UIViewControllerPreview.swift */; };
		338C186C28D285C300278530 /* UIFont+primary.swift in Sources */ = {isa = PBXBuildFile; fileRef = 338C186B28D285C300278530 /* UIFont+primary.swift */; };
		338C186E28D2880E00278530 /* Assets.xcassets in Resources */ = {isa = PBXBuildFile; fileRef = 338C186D28D2880E00278530 /* Assets.xcassets */; };
		338C187328D28DC000278530 /* Light.swift in Sources */ = {isa = PBXBuildFile; fileRef = 338C187228D28DC000278530 /* Light.swift */; };
		338C187528D28DCC00278530 /* RollerShutter.swift in Sources */ = {isa = PBXBuildFile; fileRef = 338C187428D28DCC00278530 /* RollerShutter.swift */; };
		338C187728D28DD400278530 /* Heater.swift in Sources */ = {isa = PBXBuildFile; fileRef = 338C187628D28DD400278530 /* Heater.swift */; };
		338C187B28D28E8200278530 /* Device.swift in Sources */ = {isa = PBXBuildFile; fileRef = 338C187A28D28E8200278530 /* Device.swift */; };
		338C187F28D2967100278530 /* Clamp.swift in Sources */ = {isa = PBXBuildFile; fileRef = 338C187E28D2967100278530 /* Clamp.swift */; };
		338C188C28D3134B00278530 /* Router.swift in Sources */ = {isa = PBXBuildFile; fileRef = 338C188B28D3134B00278530 /* Router.swift */; };
		338C188E28D3137000278530 /* Transition.swift in Sources */ = {isa = PBXBuildFile; fileRef = 338C188D28D3137000278530 /* Transition.swift */; };
		338C189128D313CD00278530 /* EmptyTransition.swift in Sources */ = {isa = PBXBuildFile; fileRef = 338C189028D313CD00278530 /* EmptyTransition.swift */; };
		338C189328D313F100278530 /* PushTransition.swift in Sources */ = {isa = PBXBuildFile; fileRef = 338C189228D313F100278530 /* PushTransition.swift */; };
		338C189B28D3176D00278530 /* BaseRouter.swift in Sources */ = {isa = PBXBuildFile; fileRef = 338C189A28D3176D00278530 /* BaseRouter.swift */; };
		338C189D28D31A2900278530 /* DeviceListViewModel.swift in Sources */ = {isa = PBXBuildFile; fileRef = 338C189C28D31A2900278530 /* DeviceListViewModel.swift */; };
		338C189F28D31A8B00278530 /* DeviceListViewController.swift in Sources */ = {isa = PBXBuildFile; fileRef = 338C189E28D31A8B00278530 /* DeviceListViewController.swift */; };
		338C18A128D31B0500278530 /* DeviceListRoute.swift in Sources */ = {isa = PBXBuildFile; fileRef = 338C18A028D31B0500278530 /* DeviceListRoute.swift */; };
		338C18A328D31B6200278530 /* BaseNavigationController.swift in Sources */ = {isa = PBXBuildFile; fileRef = 338C18A228D31B6200278530 /* BaseNavigationController.swift */; };
		338C18A628D31DF900278530 /* NetworkService.swift in Sources */ = {isa = PBXBuildFile; fileRef = 338C18A528D31DF900278530 /* NetworkService.swift */; };
		338C18A928D323BC00278530 /* DeviceProduct.swift in Sources */ = {isa = PBXBuildFile; fileRef = 338C18A828D323BC00278530 /* DeviceProduct.swift */; };
		338C18AB28D3245700278530 /* DeviceProduct+ProductType.swift in Sources */ = {isa = PBXBuildFile; fileRef = 338C18AA28D3245700278530 /* DeviceProduct+ProductType.swift */; };
		338C18AD28D3257700278530 /* DeviceProduct+Mode.swift in Sources */ = {isa = PBXBuildFile; fileRef = 338C18AC28D3257700278530 /* DeviceProduct+Mode.swift */; };
		338C18AF28D32A0A00278530 /* DeviceListResponse.swift in Sources */ = {isa = PBXBuildFile; fileRef = 338C18AE28D32A0A00278530 /* DeviceListResponse.swift */; };
/* End PBXBuildFile section */

/* Begin PBXFileReference section */
		338C184428D2829400278530 /* modulotech-test-ios.app */ = {isa = PBXFileReference; explicitFileType = wrapper.application; includeInIndex = 0; path = "modulotech-test-ios.app"; sourceTree = BUILT_PRODUCTS_DIR; };
		338C184728D2829400278530 /* AppDelegate.swift */ = {isa = PBXFileReference; lastKnownFileType = sourcecode.swift; path = AppDelegate.swift; sourceTree = "<group>"; };
		338C184928D2829400278530 /* SceneDelegate.swift */ = {isa = PBXFileReference; lastKnownFileType = sourcecode.swift; path = SceneDelegate.swift; sourceTree = "<group>"; };
		338C185328D2829500278530 /* Base */ = {isa = PBXFileReference; lastKnownFileType = file.storyboard; name = Base; path = Base.lproj/LaunchScreen.storyboard; sourceTree = "<group>"; };
		338C185528D2829500278530 /* Info.plist */ = {isa = PBXFileReference; lastKnownFileType = text.plist.xml; path = Info.plist; sourceTree = "<group>"; };
		338C185D28D283B500278530 /* BaseViewController.swift */ = {isa = PBXFileReference; lastKnownFileType = sourcecode.swift; path = BaseViewController.swift; sourceTree = "<group>"; };
		338C185F28D283F500278530 /* BaseView.swift */ = {isa = PBXFileReference; lastKnownFileType = sourcecode.swift; path = BaseView.swift; sourceTree = "<group>"; };
		338C186128D2843200278530 /* BaseViewModel.swift */ = {isa = PBXFileReference; lastKnownFileType = sourcecode.swift; path = BaseViewModel.swift; sourceTree = "<group>"; };
		338C186428D284A200278530 /* AutoLayout.swift */ = {isa = PBXFileReference; lastKnownFileType = sourcecode.swift; path = AutoLayout.swift; sourceTree = "<group>"; };
		338C186628D2853D00278530 /* UIViewPreview.swift */ = {isa = PBXFileReference; lastKnownFileType = sourcecode.swift; path = UIViewPreview.swift; sourceTree = "<group>"; };
		338C186828D2855C00278530 /* UIViewControllerPreview.swift */ = {isa = PBXFileReference; lastKnownFileType = sourcecode.swift; path = UIViewControllerPreview.swift; sourceTree = "<group>"; };
		338C186B28D285C300278530 /* UIFont+primary.swift */ = {isa = PBXFileReference; lastKnownFileType = sourcecode.swift; path = "UIFont+primary.swift"; sourceTree = "<group>"; };
		338C186D28D2880E00278530 /* Assets.xcassets */ = {isa = PBXFileReference; lastKnownFileType = folder.assetcatalog; path = Assets.xcassets; sourceTree = "<group>"; };
		338C187228D28DC000278530 /* Light.swift */ = {isa = PBXFileReference; lastKnownFileType = sourcecode.swift; path = Light.swift; sourceTree = "<group>"; };
		338C187428D28DCC00278530 /* RollerShutter.swift */ = {isa = PBXFileReference; lastKnownFileType = sourcecode.swift; path = RollerShutter.swift; sourceTree = "<group>"; };
		338C187628D28DD400278530 /* Heater.swift */ = {isa = PBXFileReference; lastKnownFileType = sourcecode.swift; path = Heater.swift; sourceTree = "<group>"; };
		338C187A28D28E8200278530 /* Device.swift */ = {isa = PBXFileReference; lastKnownFileType = sourcecode.swift; path = Device.swift; sourceTree = "<group>"; };
		338C187E28D2967100278530 /* Clamp.swift */ = {isa = PBXFileReference; lastKnownFileType = sourcecode.swift; path = Clamp.swift; sourceTree = "<group>"; };
		338C188B28D3134B00278530 /* Router.swift */ = {isa = PBXFileReference; lastKnownFileType = sourcecode.swift; path = Router.swift; sourceTree = "<group>"; };
		338C188D28D3137000278530 /* Transition.swift */ = {isa = PBXFileReference; lastKnownFileType = sourcecode.swift; path = Transition.swift; sourceTree = "<group>"; };
		338C189028D313CD00278530 /* EmptyTransition.swift */ = {isa = PBXFileReference; lastKnownFileType = sourcecode.swift; path = EmptyTransition.swift; sourceTree = "<group>"; };
		338C189228D313F100278530 /* PushTransition.swift */ = {isa = PBXFileReference; lastKnownFileType = sourcecode.swift; path = PushTransition.swift; sourceTree = "<group>"; };
		338C189A28D3176D00278530 /* BaseRouter.swift */ = {isa = PBXFileReference; lastKnownFileType = sourcecode.swift; path = BaseRouter.swift; sourceTree = "<group>"; };
		338C189C28D31A2900278530 /* DeviceListViewModel.swift */ = {isa = PBXFileReference; lastKnownFileType = sourcecode.swift; path = DeviceListViewModel.swift; sourceTree = "<group>"; };
		338C189E28D31A8B00278530 /* DeviceListViewController.swift */ = {isa = PBXFileReference; lastKnownFileType = sourcecode.swift; path = DeviceListViewController.swift; sourceTree = "<group>"; };
		338C18A028D31B0500278530 /* DeviceListRoute.swift */ = {isa = PBXFileReference; lastKnownFileType = sourcecode.swift; path = DeviceListRoute.swift; sourceTree = "<group>"; };
		338C18A228D31B6200278530 /* BaseNavigationController.swift */ = {isa = PBXFileReference; lastKnownFileType = sourcecode.swift; path = BaseNavigationController.swift; sourceTree = "<group>"; };
		338C18A528D31DF900278530 /* NetworkService.swift */ = {isa = PBXFileReference; lastKnownFileType = sourcecode.swift; path = NetworkService.swift; sourceTree = "<group>"; };
		338C18A828D323BC00278530 /* DeviceProduct.swift */ = {isa = PBXFileReference; lastKnownFileType = sourcecode.swift; path = DeviceProduct.swift; sourceTree = "<group>"; };
		338C18AA28D3245700278530 /* DeviceProduct+ProductType.swift */ = {isa = PBXFileReference; lastKnownFileType = sourcecode.swift; path = "DeviceProduct+ProductType.swift"; sourceTree = "<group>"; };
		338C18AC28D3257700278530 /* DeviceProduct+Mode.swift */ = {isa = PBXFileReference; lastKnownFileType = sourcecode.swift; path = "DeviceProduct+Mode.swift"; sourceTree = "<group>"; };
		338C18AE28D32A0A00278530 /* DeviceListResponse.swift */ = {isa = PBXFileReference; lastKnownFileType = sourcecode.swift; path = DeviceListResponse.swift; sourceTree = "<group>"; };
/* End PBXFileReference section */

/* Begin PBXFrameworksBuildPhase section */
		338C184128D2829400278530 /* Frameworks */ = {
			isa = PBXFrameworksBuildPhase;
			buildActionMask = 2147483647;
			files = (
			);
			runOnlyForDeploymentPostprocessing = 0;
		};
/* End PBXFrameworksBuildPhase section */

/* Begin PBXGroup section */
		338C183B28D2829400278530 = {
			isa = PBXGroup;
			children = (
				338C184628D2829400278530 /* modulotech-test-ios */,
				338C184528D2829400278530 /* Products */,
			);
			sourceTree = "<group>";
		};
		338C184528D2829400278530 /* Products */ = {
			isa = PBXGroup;
			children = (
				338C184428D2829400278530 /* modulotech-test-ios.app */,
			);
			name = Products;
			sourceTree = "<group>";
		};
		338C184628D2829400278530 /* modulotech-test-ios */ = {
			isa = PBXGroup;
			children = (
				338C185528D2829500278530 /* Info.plist */,
				338C184728D2829400278530 /* AppDelegate.swift */,
				338C184928D2829400278530 /* SceneDelegate.swift */,
				338C185C28D283A200278530 /* common */,
				338C186A28D285B200278530 /* extension */,
				338C187D28D2966900278530 /* global */,
				338C187128D28DAF00278530 /* model */,
				338C188828D312FF00278530 /* navigation */,
				338C186328D2849900278530 /* propertyWrapper */,
				338C185B28D282DC00278530 /* resources */,
				338C188028D298BC00278530 /* screen */,
				338C18A428D31CB900278530 /* service */,
			);
			path = "modulotech-test-ios";
			sourceTree = "<group>";
		};
		338C185B28D282DC00278530 /* resources */ = {
			isa = PBXGroup;
			children = (
				338C186D28D2880E00278530 /* Assets.xcassets */,
				338C185228D2829500278530 /* LaunchScreen.storyboard */,
			);
			path = resources;
			sourceTree = "<group>";
		};
		338C185C28D283A200278530 /* common */ = {
			isa = PBXGroup;
			children = (
				338C18A228D31B6200278530 /* BaseNavigationController.swift */,
				338C185F28D283F500278530 /* BaseView.swift */,
				338C185D28D283B500278530 /* BaseViewController.swift */,
				338C186128D2843200278530 /* BaseViewModel.swift */,
				338C186628D2853D00278530 /* UIViewPreview.swift */,
				338C186828D2855C00278530 /* UIViewControllerPreview.swift */,
			);
			path = common;
			sourceTree = "<group>";
		};
		338C186328D2849900278530 /* propertyWrapper */ = {
			isa = PBXGroup;
			children = (
				338C186428D284A200278530 /* AutoLayout.swift */,
			);
			path = propertyWrapper;
			sourceTree = "<group>";
		};
		338C186A28D285B200278530 /* extension */ = {
			isa = PBXGroup;
			children = (
				338C186B28D285C300278530 /* UIFont+primary.swift */,
			);
			name = extension;
			sourceTree = "<group>";
		};
		338C187128D28DAF00278530 /* model */ = {
			isa = PBXGroup;
			children = (
				338C187C28D28E8800278530 /* device */,
				338C18A728D3234200278530 /* network */,
			);
			path = model;
			sourceTree = "<group>";
		};
		338C187C28D28E8800278530 /* device */ = {
			isa = PBXGroup;
			children = (
				338C187A28D28E8200278530 /* Device.swift */,
				338C187228D28DC000278530 /* Light.swift */,
				338C187428D28DCC00278530 /* RollerShutter.swift */,
				338C187628D28DD400278530 /* Heater.swift */,
			);
			path = device;
			sourceTree = "<group>";
		};
		338C187D28D2966900278530 /* global */ = {
			isa = PBXGroup;
			children = (
				338C187E28D2967100278530 /* Clamp.swift */,
			);
			path = global;
			sourceTree = "<group>";
		};
		338C188028D298BC00278530 /* screen */ = {
			isa = PBXGroup;
			children = (
				338C188128D298C800278530 /* deviceList */,
			);
			path = screen;
			sourceTree = "<group>";
		};
		338C188128D298C800278530 /* deviceList */ = {
			isa = PBXGroup;
			children = (
				338C188228D298D200278530 /* controller */,
				338C188528D298E600278530 /* viewModel */,
			);
			path = deviceList;
			sourceTree = "<group>";
		};
		338C188228D298D200278530 /* controller */ = {
			isa = PBXGroup;
			children = (
				338C189E28D31A8B00278530 /* DeviceListViewController.swift */,
			);
			path = controller;
			sourceTree = "<group>";
		};
		338C188528D298E600278530 /* viewModel */ = {
			isa = PBXGroup;
			children = (
				338C189C28D31A2900278530 /* DeviceListViewModel.swift */,
			);
			path = viewModel;
			sourceTree = "<group>";
		};
		338C188828D312FF00278530 /* navigation */ = {
			isa = PBXGroup;
			children = (
				338C188A28D3130E00278530 /* core */,
				338C188F28D3137600278530 /* transition */,
				338C188928D3130900278530 /* routes */,
			);
			path = navigation;
			sourceTree = "<group>";
		};
		338C188928D3130900278530 /* routes */ = {
			isa = PBXGroup;
			children = (
				338C18A028D31B0500278530 /* DeviceListRoute.swift */,
			);
			path = routes;
			sourceTree = "<group>";
		};
		338C188A28D3130E00278530 /* core */ = {
			isa = PBXGroup;
			children = (
				338C189A28D3176D00278530 /* BaseRouter.swift */,
				338C188B28D3134B00278530 /* Router.swift */,
			);
			path = core;
			sourceTree = "<group>";
		};
		338C188F28D3137600278530 /* transition */ = {
			isa = PBXGroup;
			children = (
				338C189028D313CD00278530 /* EmptyTransition.swift */,
				338C189228D313F100278530 /* PushTransition.swift */,
				338C188D28D3137000278530 /* Transition.swift */,
			);
			path = transition;
			sourceTree = "<group>";
		};
		338C18A428D31CB900278530 /* service */ = {
			isa = PBXGroup;
			children = (
				338C18A528D31DF900278530 /* NetworkService.swift */,
			);
			path = service;
			sourceTree = "<group>";
		};
		338C18A728D3234200278530 /* network */ = {
			isa = PBXGroup;
			children = (
				338C18AE28D32A0A00278530 /* DeviceListResponse.swift */,
				338C18A828D323BC00278530 /* DeviceProduct.swift */,
				338C18AC28D3257700278530 /* DeviceProduct+Mode.swift */,
				338C18AA28D3245700278530 /* DeviceProduct+ProductType.swift */,
			);
			path = network;
			sourceTree = "<group>";
		};
/* End PBXGroup section */

/* Begin PBXNativeTarget section */
		338C184328D2829400278530 /* modulotech-test-ios */ = {
			isa = PBXNativeTarget;
			buildConfigurationList = 338C185828D2829500278530 /* Build configuration list for PBXNativeTarget "modulotech-test-ios" */;
			buildPhases = (
				338C184028D2829400278530 /* Sources */,
				338C184128D2829400278530 /* Frameworks */,
				338C184228D2829400278530 /* Resources */,
			);
			buildRules = (
			);
			dependencies = (
			);
			name = "modulotech-test-ios";
			productName = "modulotech-test-ios";
			productReference = 338C184428D2829400278530 /* modulotech-test-ios.app */;
			productType = "com.apple.product-type.application";
		};
/* End PBXNativeTarget section */

/* Begin PBXProject section */
		338C183C28D2829400278530 /* Project object */ = {
			isa = PBXProject;
			attributes = {
				BuildIndependentTargetsInParallel = 1;
				LastSwiftUpdateCheck = 1340;
				LastUpgradeCheck = 1340;
				TargetAttributes = {
					338C184328D2829400278530 = {
						CreatedOnToolsVersion = 13.4.1;
					};
				};
			};
			buildConfigurationList = 338C183F28D2829400278530 /* Build configuration list for PBXProject "modulotech-test-ios" */;
			compatibilityVersion = "Xcode 13.0";
			developmentRegion = en;
			hasScannedForEncodings = 0;
			knownRegions = (
				en,
				Base,
			);
			mainGroup = 338C183B28D2829400278530;
			productRefGroup = 338C184528D2829400278530 /* Products */;
			projectDirPath = "";
			projectRoot = "";
			targets = (
				338C184328D2829400278530 /* modulotech-test-ios */,
			);
		};
/* End PBXProject section */

/* Begin PBXResourcesBuildPhase section */
		338C184228D2829400278530 /* Resources */ = {
			isa = PBXResourcesBuildPhase;
			buildActionMask = 2147483647;
			files = (
				338C186E28D2880E00278530 /* Assets.xcassets in Resources */,
				338C185428D2829500278530 /* LaunchScreen.storyboard in Resources */,
			);
			runOnlyForDeploymentPostprocessing = 0;
		};
/* End PBXResourcesBuildPhase section */

/* Begin PBXSourcesBuildPhase section */
		338C184028D2829400278530 /* Sources */ = {
			isa = PBXSourcesBuildPhase;
			buildActionMask = 2147483647;
			files = (
				338C18A328D31B6200278530 /* BaseNavigationController.swift in Sources */,
				338C18AB28D3245700278530 /* DeviceProduct+ProductType.swift in Sources */,
				338C188E28D3137000278530 /* Transition.swift in Sources */,
				338C189128D313CD00278530 /* EmptyTransition.swift in Sources */,
				338C187728D28DD400278530 /* Heater.swift in Sources */,
				338C186528D284A200278530 /* AutoLayout.swift in Sources */,
				338C18AF28D32A0A00278530 /* DeviceListResponse.swift in Sources */,
				338C187528D28DCC00278530 /* RollerShutter.swift in Sources */,
				338C184828D2829400278530 /* AppDelegate.swift in Sources */,
				338C18AD28D3257700278530 /* DeviceProduct+Mode.swift in Sources */,
				338C186228D2843200278530 /* BaseViewModel.swift in Sources */,
				338C187B28D28E8200278530 /* Device.swift in Sources */,
				338C184A28D2829400278530 /* SceneDelegate.swift in Sources */,
				338C18A628D31DF900278530 /* NetworkService.swift in Sources */,
				338C186728D2853D00278530 /* UIViewPreview.swift in Sources */,
				338C189328D313F100278530 /* PushTransition.swift in Sources */,
				338C185E28D283B500278530 /* BaseViewController.swift in Sources */,
				338C189D28D31A2900278530 /* DeviceListViewModel.swift in Sources */,
				338C187328D28DC000278530 /* Light.swift in Sources */,
				338C188C28D3134B00278530 /* Router.swift in Sources */,
				338C187F28D2967100278530 /* Clamp.swift in Sources */,
				338C189B28D3176D00278530 /* BaseRouter.swift in Sources */,
				338C186C28D285C300278530 /* UIFont+primary.swift in Sources */,
				338C186028D283F500278530 /* BaseView.swift in Sources */,
				338C186928D2855C00278530 /* UIViewControllerPreview.swift in Sources */,
				338C189F28D31A8B00278530 /* DeviceListViewController.swift in Sources */,
				338C18A128D31B0500278530 /* DeviceListRoute.swift in Sources */,
				338C18A928D323BC00278530 /* DeviceProduct.swift in Sources */,
			);
			runOnlyForDeploymentPostprocessing = 0;
		};
/* End PBXSourcesBuildPhase section */

/* Begin PBXVariantGroup section */
		338C185228D2829500278530 /* LaunchScreen.storyboard */ = {
			isa = PBXVariantGroup;
			children = (
				338C185328D2829500278530 /* Base */,
			);
			name = LaunchScreen.storyboard;
			sourceTree = "<group>";
		};
/* End PBXVariantGroup section */

/* Begin XCBuildConfiguration section */
		338C185628D2829500278530 /* Debug */ = {
			isa = XCBuildConfiguration;
			buildSettings = {
				ALWAYS_SEARCH_USER_PATHS = NO;
				CLANG_ANALYZER_NONNULL = YES;
				CLANG_ANALYZER_NUMBER_OBJECT_CONVERSION = YES_AGGRESSIVE;
				CLANG_CXX_LANGUAGE_STANDARD = "gnu++17";
				CLANG_ENABLE_MODULES = YES;
				CLANG_ENABLE_OBJC_ARC = YES;
				CLANG_ENABLE_OBJC_WEAK = YES;
				CLANG_WARN_BLOCK_CAPTURE_AUTORELEASING = YES;
				CLANG_WARN_BOOL_CONVERSION = YES;
				CLANG_WARN_COMMA = YES;
				CLANG_WARN_CONSTANT_CONVERSION = YES;
				CLANG_WARN_DEPRECATED_OBJC_IMPLEMENTATIONS = YES;
				CLANG_WARN_DIRECT_OBJC_ISA_USAGE = YES_ERROR;
				CLANG_WARN_DOCUMENTATION_COMMENTS = YES;
				CLANG_WARN_EMPTY_BODY = YES;
				CLANG_WARN_ENUM_CONVERSION = YES;
				CLANG_WARN_INFINITE_RECURSION = YES;
				CLANG_WARN_INT_CONVERSION = YES;
				CLANG_WARN_NON_LITERAL_NULL_CONVERSION = YES;
				CLANG_WARN_OBJC_IMPLICIT_RETAIN_SELF = YES;
				CLANG_WARN_OBJC_LITERAL_CONVERSION = YES;
				CLANG_WARN_OBJC_ROOT_CLASS = YES_ERROR;
				CLANG_WARN_QUOTED_INCLUDE_IN_FRAMEWORK_HEADER = YES;
				CLANG_WARN_RANGE_LOOP_ANALYSIS = YES;
				CLANG_WARN_STRICT_PROTOTYPES = YES;
				CLANG_WARN_SUSPICIOUS_MOVE = YES;
				CLANG_WARN_UNGUARDED_AVAILABILITY = YES_AGGRESSIVE;
				CLANG_WARN_UNREACHABLE_CODE = YES;
				CLANG_WARN__DUPLICATE_METHOD_MATCH = YES;
				COPY_PHASE_STRIP = NO;
				DEBUG_INFORMATION_FORMAT = dwarf;
				ENABLE_STRICT_OBJC_MSGSEND = YES;
				ENABLE_TESTABILITY = YES;
				GCC_C_LANGUAGE_STANDARD = gnu11;
				GCC_DYNAMIC_NO_PIC = NO;
				GCC_NO_COMMON_BLOCKS = YES;
				GCC_OPTIMIZATION_LEVEL = 0;
				GCC_PREPROCESSOR_DEFINITIONS = (
					"DEBUG=1",
					"$(inherited)",
				);
				GCC_WARN_64_TO_32_BIT_CONVERSION = YES;
				GCC_WARN_ABOUT_RETURN_TYPE = YES_ERROR;
				GCC_WARN_UNDECLARED_SELECTOR = YES;
				GCC_WARN_UNINITIALIZED_AUTOS = YES_AGGRESSIVE;
				GCC_WARN_UNUSED_FUNCTION = YES;
				GCC_WARN_UNUSED_VARIABLE = YES;
				IPHONEOS_DEPLOYMENT_TARGET = 15.5;
				MTL_ENABLE_DEBUG_INFO = INCLUDE_SOURCE;
				MTL_FAST_MATH = YES;
				ONLY_ACTIVE_ARCH = YES;
				SDKROOT = iphoneos;
				SWIFT_ACTIVE_COMPILATION_CONDITIONS = DEBUG;
				SWIFT_OPTIMIZATION_LEVEL = "-Onone";
			};
			name = Debug;
		};
		338C185728D2829500278530 /* Release */ = {
			isa = XCBuildConfiguration;
			buildSettings = {
				ALWAYS_SEARCH_USER_PATHS = NO;
				CLANG_ANALYZER_NONNULL = YES;
				CLANG_ANALYZER_NUMBER_OBJECT_CONVERSION = YES_AGGRESSIVE;
				CLANG_CXX_LANGUAGE_STANDARD = "gnu++17";
				CLANG_ENABLE_MODULES = YES;
				CLANG_ENABLE_OBJC_ARC = YES;
				CLANG_ENABLE_OBJC_WEAK = YES;
				CLANG_WARN_BLOCK_CAPTURE_AUTORELEASING = YES;
				CLANG_WARN_BOOL_CONVERSION = YES;
				CLANG_WARN_COMMA = YES;
				CLANG_WARN_CONSTANT_CONVERSION = YES;
				CLANG_WARN_DEPRECATED_OBJC_IMPLEMENTATIONS = YES;
				CLANG_WARN_DIRECT_OBJC_ISA_USAGE = YES_ERROR;
				CLANG_WARN_DOCUMENTATION_COMMENTS = YES;
				CLANG_WARN_EMPTY_BODY = YES;
				CLANG_WARN_ENUM_CONVERSION = YES;
				CLANG_WARN_INFINITE_RECURSION = YES;
				CLANG_WARN_INT_CONVERSION = YES;
				CLANG_WARN_NON_LITERAL_NULL_CONVERSION = YES;
				CLANG_WARN_OBJC_IMPLICIT_RETAIN_SELF = YES;
				CLANG_WARN_OBJC_LITERAL_CONVERSION = YES;
				CLANG_WARN_OBJC_ROOT_CLASS = YES_ERROR;
				CLANG_WARN_QUOTED_INCLUDE_IN_FRAMEWORK_HEADER = YES;
				CLANG_WARN_RANGE_LOOP_ANALYSIS = YES;
				CLANG_WARN_STRICT_PROTOTYPES = YES;
				CLANG_WARN_SUSPICIOUS_MOVE = YES;
				CLANG_WARN_UNGUARDED_AVAILABILITY = YES_AGGRESSIVE;
				CLANG_WARN_UNREACHABLE_CODE = YES;
				CLANG_WARN__DUPLICATE_METHOD_MATCH = YES;
				COPY_PHASE_STRIP = NO;
				DEBUG_INFORMATION_FORMAT = "dwarf-with-dsym";
				ENABLE_NS_ASSERTIONS = NO;
				ENABLE_STRICT_OBJC_MSGSEND = YES;
				GCC_C_LANGUAGE_STANDARD = gnu11;
				GCC_NO_COMMON_BLOCKS = YES;
				GCC_WARN_64_TO_32_BIT_CONVERSION = YES;
				GCC_WARN_ABOUT_RETURN_TYPE = YES_ERROR;
				GCC_WARN_UNDECLARED_SELECTOR = YES;
				GCC_WARN_UNINITIALIZED_AUTOS = YES_AGGRESSIVE;
				GCC_WARN_UNUSED_FUNCTION = YES;
				GCC_WARN_UNUSED_VARIABLE = YES;
				IPHONEOS_DEPLOYMENT_TARGET = 15.5;
				MTL_ENABLE_DEBUG_INFO = NO;
				MTL_FAST_MATH = YES;
				SDKROOT = iphoneos;
				SWIFT_COMPILATION_MODE = wholemodule;
				SWIFT_OPTIMIZATION_LEVEL = "-O";
				VALIDATE_PRODUCT = YES;
			};
			name = Release;
		};
		338C185928D2829500278530 /* Debug */ = {
			isa = XCBuildConfiguration;
			buildSettings = {
				ASSETCATALOG_COMPILER_APPICON_NAME = AppIcon;
				ASSETCATALOG_COMPILER_GLOBAL_ACCENT_COLOR_NAME = AccentColor;
				CODE_SIGN_STYLE = Automatic;
				CURRENT_PROJECT_VERSION = 1;
				DEVELOPMENT_TEAM = K3W3K9M953;
				GENERATE_INFOPLIST_FILE = YES;
				INFOPLIST_FILE = "modulotech-test-ios/Info.plist";
				INFOPLIST_KEY_CFBundleDisplayName = ModuloTech;
				INFOPLIST_KEY_UIApplicationSupportsIndirectInputEvents = YES;
				INFOPLIST_KEY_UILaunchStoryboardName = LaunchScreen;
				INFOPLIST_KEY_UISupportedInterfaceOrientations = "UIInterfaceOrientationPortrait UIInterfaceOrientationPortraitUpsideDown";
				INFOPLIST_KEY_UISupportedInterfaceOrientations_iPad = "UIInterfaceOrientationPortrait UIInterfaceOrientationPortraitUpsideDown UIInterfaceOrientationLandscapeLeft UIInterfaceOrientationLandscapeRight";
				INFOPLIST_KEY_UISupportedInterfaceOrientations_iPhone = "UIInterfaceOrientationPortrait UIInterfaceOrientationLandscapeLeft UIInterfaceOrientationLandscapeRight";
				IPHONEOS_DEPLOYMENT_TARGET = 13.0;
				LD_RUNPATH_SEARCH_PATHS = (
					"$(inherited)",
					"@executable_path/Frameworks",
				);
				MARKETING_VERSION = 0.0.1;
				PRODUCT_BUNDLE_IDENTIFIER = "com.whutao.modulotech-test-ios";
				PRODUCT_NAME = "$(TARGET_NAME)";
				SWIFT_EMIT_LOC_STRINGS = YES;
				SWIFT_VERSION = 5.0;
				TARGETED_DEVICE_FAMILY = 1;
			};
			name = Debug;
		};
		338C185A28D2829500278530 /* Release */ = {
			isa = XCBuildConfiguration;
			buildSettings = {
				ASSETCATALOG_COMPILER_APPICON_NAME = AppIcon;
				ASSETCATALOG_COMPILER_GLOBAL_ACCENT_COLOR_NAME = AccentColor;
				CODE_SIGN_STYLE = Automatic;
				CURRENT_PROJECT_VERSION = 1;
				DEVELOPMENT_TEAM = K3W3K9M953;
				GENERATE_INFOPLIST_FILE = YES;
				INFOPLIST_FILE = "modulotech-test-ios/Info.plist";
				INFOPLIST_KEY_CFBundleDisplayName = ModuloTech;
				INFOPLIST_KEY_UIApplicationSupportsIndirectInputEvents = YES;
				INFOPLIST_KEY_UILaunchStoryboardName = LaunchScreen;
				INFOPLIST_KEY_UISupportedInterfaceOrientations = "UIInterfaceOrientationPortrait UIInterfaceOrientationPortraitUpsideDown";
				INFOPLIST_KEY_UISupportedInterfaceOrientations_iPad = "UIInterfaceOrientationPortrait UIInterfaceOrientationPortraitUpsideDown UIInterfaceOrientationLandscapeLeft UIInterfaceOrientationLandscapeRight";
				INFOPLIST_KEY_UISupportedInterfaceOrientations_iPhone = "UIInterfaceOrientationPortrait UIInterfaceOrientationLandscapeLeft UIInterfaceOrientationLandscapeRight";
				IPHONEOS_DEPLOYMENT_TARGET = 13.0;
				LD_RUNPATH_SEARCH_PATHS = (
					"$(inherited)",
					"@executable_path/Frameworks",
				);
				MARKETING_VERSION = 0.0.1;
				PRODUCT_BUNDLE_IDENTIFIER = "com.whutao.modulotech-test-ios";
				PRODUCT_NAME = "$(TARGET_NAME)";
				SWIFT_EMIT_LOC_STRINGS = YES;
				SWIFT_VERSION = 5.0;
				TARGETED_DEVICE_FAMILY = 1;
			};
			name = Release;
		};
/* End XCBuildConfiguration section */

/* Begin XCConfigurationList section */
		338C183F28D2829400278530 /* Build configuration list for PBXProject "modulotech-test-ios" */ = {
			isa = XCConfigurationList;
			buildConfigurations = (
				338C185628D2829500278530 /* Debug */,
				338C185728D2829500278530 /* Release */,
			);
			defaultConfigurationIsVisible = 0;
			defaultConfigurationName = Release;
		};
		338C185828D2829500278530 /* Build configuration list for PBXNativeTarget "modulotech-test-ios" */ = {
			isa = XCConfigurationList;
			buildConfigurations = (
				338C185928D2829500278530 /* Debug */,
				338C185A28D2829500278530 /* Release */,
			);
			defaultConfigurationIsVisible = 0;
			defaultConfigurationName = Release;
		};
/* End XCConfigurationList section */
	};
	rootObject = 338C183C28D2829400278530 /* Project object */;
}
